<?xml version="1.0" encoding="UTF-8" standalone="yes" ?>
<CodeBlocks_project_file>
   <FileVersion major="1" minor="6" />
   <Project>
      <Option title="travel_depth" />
      <Option makefile_is_custom="1" />
      <Option compiler="gcc" />
      <Option virtualFolders="CMake Files\;CMake Files\travel_depth\;" />
      <Build>
      <Target title="all">
         <Option working_dir="/home/giard/work/BrainProject/mindboggle/qtcreator-build/medial_surface" />
         <Option type="4" />
         <MakeCommands>
            <Build command="/usr/bin/make -f &quot;/home/giard/work/BrainProject/mindboggle/qtcreator-build/medial_surface/Makefile&quot; all" />
            <CompileFile command="/usr/bin/make -f &quot;/home/giard/work/BrainProject/mindboggle/qtcreator-build/medial_surface/Makefile&quot; &quot;$file&quot;" />
            <Clean command="/usr/bin/make -f &quot;/home/giard/work/BrainProject/mindboggle/qtcreator-build/medial_surface/Makefile&quot; clean" />
            <DistClean command="/usr/bin/make -f &quot;/home/giard/work/BrainProject/mindboggle/qtcreator-build/medial_surface/Makefile&quot; clean" />
         </MakeCommands>
      </Target>
      <Target title="TravelDepthMain">
         <Option output="/home/giard/work/BrainProject/mindboggle/qtcreator-build/medial_surface/TravelDepthMain" prefix_auto="0" extension_auto="0" />
         <Option working_dir="/home/giard/work/BrainProject/mindboggle/qtcreator-build/medial_surface" />
         <Option object_output="./" />
         <Option type="1" />
         <Option compiler="gcc" />
         <Compiler>
            <Add directory="/usr/vtk-bin" />
            <Add directory="/usr/vtk-bin/Common" />
            <Add directory="/usr/vtk-bin/Utilities" />
            <Add directory="/usr/vtk-bin/VolumeRendering" />
            <Add directory="/usr/vtk-bin/Rendering" />
            <Add directory="/usr/vtk-bin/Charts" />
            <Add directory="/usr/vtk-bin/Utilities/vtkalglib" />
            <Add directory="/usr/vtk-src/Infovis" />
            <Add directory="/usr/vtk-src/Geovis" />
            <Add directory="/usr/vtk-src/Views" />
            <Add directory="/usr/vtk-src/VolumeRendering" />
            <Add directory="/usr/vtk-src/Hybrid" />
            <Add directory="/usr/vtk-src/Widgets" />
            <Add directory="/usr/vtk-src/Rendering" />
            <Add directory="/usr/vtk-src/Charts" />
            <Add directory="/usr/vtk-src/Rendering/Testing/Cxx" />
            <Add directory="/usr/vtk-src/IO" />
            <Add directory="/usr/vtk-src/Imaging" />
            <Add directory="/usr/vtk-src/Graphics" />
            <Add directory="/usr/vtk-src/GenericFiltering" />
            <Add directory="/usr/vtk-src/Filtering" />
            <Add directory="/usr/vtk-src/Common" />
            <Add directory="/usr/vtk-src/Utilities" />
            <Add directory="/usr/vtk-src/Common/Testing/Cxx" />
            <Add directory="/usr/vtk-bin/Utilities/vtklibproj4" />
            <Add directory="/usr/vtk-src/Utilities/vtklibproj4" />
            <Add directory="/usr/vtk-bin/Utilities/DICOMParser" />
            <Add directory="/usr/vtk-src/Utilities/DICOMParser" />
            <Add directory="/usr/vtk-bin/Utilities/vtkfreetype/include" />
            <Add directory="/usr/vtk-src/Utilities/vtkfreetype/include" />
            <Add directory="/usr/vtk-bin/Utilities/vtknetcdf" />
            <Add directory="/usr/vtk-src/Utilities/vtknetcdf" />
            <Add directory="/usr/vtk-bin/Utilities/vtkexodus2/include" />
            <Add directory="/usr/vtk-src/Utilities/vtkexodus2/include" />
            <Add directory="/usr/vtk-bin/Utilities/MaterialLibrary" />
            <Add directory="/usr/vtk-src/Utilities/MaterialLibrary" />
            <Add directory="/usr/vtk-bin/Utilities/verdict" />
            <Add directory="/usr/vtk-src/Utilities/verdict" />
            <Add directory="/usr/vtk-src/Utilities/utf8/source" />
            <Add directory="/usr/vtk-src/GUISupport/Qt" />
            <Add directory="/usr/vtk-bin/GUISupport/Qt" />
            <Add directory="/usr/vtk-src/GUISupport/Qt/Chart" />
            <Add directory="/usr/vtk-bin/GUISupport/Qt/Chart" />
            <Add directory="/usr/vtk-src/Utilities/vtkalglib" />
            <Add directory="/usr/include" />
         </Compiler>
         <MakeCommands>
            <Build command="/usr/bin/make -f &quot;/home/giard/work/BrainProject/mindboggle/qtcreator-build/medial_surface/Makefile&quot; TravelDepthMain" />
            <CompileFile command="/usr/bin/make -f &quot;/home/giard/work/BrainProject/mindboggle/qtcreator-build/medial_surface/Makefile&quot; &quot;$file&quot;" />
            <Clean command="/usr/bin/make -f &quot;/home/giard/work/BrainProject/mindboggle/qtcreator-build/medial_surface/Makefile&quot; clean" />
            <DistClean command="/usr/bin/make -f &quot;/home/giard/work/BrainProject/mindboggle/qtcreator-build/medial_surface/Makefile&quot; clean" />
         </MakeCommands>
      </Target>
      <Target title="TravelDepthMain/fast">
         <Option output="/home/giard/work/BrainProject/mindboggle/qtcreator-build/medial_surface/TravelDepthMain" prefix_auto="0" extension_auto="0" />
         <Option working_dir="/home/giard/work/BrainProject/mindboggle/qtcreator-build/medial_surface" />
         <Option object_output="./" />
         <Option type="1" />
         <Option compiler="gcc" />
         <Compiler>
            <Add directory="/usr/vtk-bin" />
            <Add directory="/usr/vtk-bin/Common" />
            <Add directory="/usr/vtk-bin/Utilities" />
            <Add directory="/usr/vtk-bin/VolumeRendering" />
            <Add directory="/usr/vtk-bin/Rendering" />
            <Add directory="/usr/vtk-bin/Charts" />
            <Add directory="/usr/vtk-bin/Utilities/vtkalglib" />
            <Add directory="/usr/vtk-src/Infovis" />
            <Add directory="/usr/vtk-src/Geovis" />
            <Add directory="/usr/vtk-src/Views" />
            <Add directory="/usr/vtk-src/VolumeRendering" />
            <Add directory="/usr/vtk-src/Hybrid" />
            <Add directory="/usr/vtk-src/Widgets" />
            <Add directory="/usr/vtk-src/Rendering" />
            <Add directory="/usr/vtk-src/Charts" />
            <Add directory="/usr/vtk-src/Rendering/Testing/Cxx" />
            <Add directory="/usr/vtk-src/IO" />
            <Add directory="/usr/vtk-src/Imaging" />
            <Add directory="/usr/vtk-src/Graphics" />
            <Add directory="/usr/vtk-src/GenericFiltering" />
            <Add directory="/usr/vtk-src/Filtering" />
            <Add directory="/usr/vtk-src/Common" />
            <Add directory="/usr/vtk-src/Utilities" />
            <Add directory="/usr/vtk-src/Common/Testing/Cxx" />
            <Add directory="/usr/vtk-bin/Utilities/vtklibproj4" />
            <Add directory="/usr/vtk-src/Utilities/vtklibproj4" />
            <Add directory="/usr/vtk-bin/Utilities/DICOMParser" />
            <Add directory="/usr/vtk-src/Utilities/DICOMParser" />
            <Add directory="/usr/vtk-bin/Utilities/vtkfreetype/include" />
            <Add directory="/usr/vtk-src/Utilities/vtkfreetype/include" />
            <Add directory="/usr/vtk-bin/Utilities/vtknetcdf" />
            <Add directory="/usr/vtk-src/Utilities/vtknetcdf" />
            <Add directory="/usr/vtk-bin/Utilities/vtkexodus2/include" />
            <Add directory="/usr/vtk-src/Utilities/vtkexodus2/include" />
            <Add directory="/usr/vtk-bin/Utilities/MaterialLibrary" />
            <Add directory="/usr/vtk-src/Utilities/MaterialLibrary" />
            <Add directory="/usr/vtk-bin/Utilities/verdict" />
            <Add directory="/usr/vtk-src/Utilities/verdict" />
            <Add directory="/usr/vtk-src/Utilities/utf8/source" />
            <Add directory="/usr/vtk-src/GUISupport/Qt" />
            <Add directory="/usr/vtk-bin/GUISupport/Qt" />
            <Add directory="/usr/vtk-src/GUISupport/Qt/Chart" />
            <Add directory="/usr/vtk-bin/GUISupport/Qt/Chart" />
            <Add directory="/usr/vtk-src/Utilities/vtkalglib" />
            <Add directory="/usr/include" />
         </Compiler>
         <MakeCommands>
            <Build command="/usr/bin/make -f &quot;/home/giard/work/BrainProject/mindboggle/qtcreator-build/medial_surface/Makefile&quot; TravelDepthMain/fast" />
            <CompileFile command="/usr/bin/make -f &quot;/home/giard/work/BrainProject/mindboggle/qtcreator-build/medial_surface/Makefile&quot; &quot;$file&quot;" />
            <Clean command="/usr/bin/make -f &quot;/home/giard/work/BrainProject/mindboggle/qtcreator-build/medial_surface/Makefile&quot; clean" />
            <DistClean command="/usr/bin/make -f &quot;/home/giard/work/BrainProject/mindboggle/qtcreator-build/medial_surface/Makefile&quot; clean" />
         </MakeCommands>
      </Target>
      </Build>
      <Unit filename="/home/giard/work/BrainProject/mindboggle/surface_travel_depth/travel_depth/TravelDepthMain.cpp">
      </Unit>
      <Unit filename="/home/giard/work/BrainProject/mindboggle/surface_travel_depth/CMakeLists.txt">
          <Option virtualFolder="CMake Files\" />
      </Unit>
      <Unit filename="/home/giard/work/BrainProject/mindboggle/surface_travel_depth/travel_depth/CMakeLists.txt">
          <Option virtualFolder="CMake Files\travel_depth\" />
      </Unit>
      <Unit filename="/home/giard/work/BrainProject/mindboggle/surface_travel_depth/travel_depth/CMakeLists.txt">
          <Option virtualFolder="CMake Files\travel_depth\" />
      </Unit>
   </Project>
</CodeBlocks_project_file>
